
Microsoft Visual Studio Solution File, Format Version 12.00
# Visual Studio Version 17
VisualStudioVersion = 17.7.34031.279
MinimumVisualStudioVersion = 10.0.40219.1
Project("{9A19103F-16F7-4668-BE54-9A1E7A4F7556}") = "API", "src\API.csproj", "{8C055E84-AEBE-4F3C-A1DB-4C9BE2929D3D}"
EndProject
Project("{9A19103F-16F7-4668-BE54-9A1E7A4F7556}") = "API.Tests", "tests\API.Tests.csproj", "{6494EC28-417E-4E83-9EDC-4721528EC442}"
EndProject
Global
	GlobalSection(SolutionConfigurationPlatforms) = preSolution
		Debug|Any CPU = Debug|Any CPU
		Release|Any CPU = Release|Any CPU
	EndGlobalSection
	GlobalSection(ProjectConfigurationPlatforms) = postSolution
		{8C055E84-AEBE-4F3C-A1DB-4C9BE2929D3D}.Debug|Any CPU.ActiveCfg = Debug|Any CPU
		{8C055E84-AEBE-4F3C-A1DB-4C9BE2929D3D}.Debug|Any CPU.Build.0 = Debug|Any CPU
		{8C055E84-AEBE-4F3C-A1DB-4C9BE2929D3D}.Release|Any CPU.ActiveCfg = Release|Any CPU
		{8C055E84-AEBE-4F3C-A1DB-4C9BE2929D3D}.Release|Any CPU.Build.0 = Release|Any CPU
		{6494EC28-417E-4E83-9EDC-4721528EC442}.Debug|Any CPU.ActiveCfg = Debug|Any CPU
		{6494EC28-417E-4E83-9EDC-4721528EC442}.Debug|Any CPU.Build.0 = Debug|Any CPU
		{6494EC28-417E-4E83-9EDC-4721528EC442}.Release|Any CPU.ActiveCfg = Release|Any CPU
		{6494EC28-417E-4E83-9EDC-4721528EC442}.Release|Any CPU.Build.0 = Release|Any CPU
	EndGlobalSection
	GlobalSection(SolutionProperties) = preSolution
		HideSolutionNode = FALSE
	EndGlobalSection
	GlobalSection(ExtensibilityGlobals) = postSolution
		SolutionGuid = {ABCC58BC-C71F-44A0-AC88-A5FCD4DFB669}
	EndGlobalSection
EndGlobal
